// !$*UTF8*$!
{
	archiveVersion = 1;
	classes = {
	};
	objectVersion = 56;
	objects = {

/* Begin PBXBuildFile section */
		259B9D7E2C555624003A716D /* KlarnaWeatherApp.swift in Sources */ = {isa = PBXBuildFile; fileRef = 259B9D7D2C555624003A716D /* KlarnaWeatherApp.swift */; };
		259B9D802C555624003A716D /* ContentView.swift in Sources */ = {isa = PBXBuildFile; fileRef = 259B9D7F2C555624003A716D /* ContentView.swift */; };
		259B9D822C555625003A716D /* Assets.xcassets in Resources */ = {isa = PBXBuildFile; fileRef = 259B9D812C555625003A716D /* Assets.xcassets */; };
		259B9D852C555625003A716D /* Preview Assets.xcassets in Resources */ = {isa = PBXBuildFile; fileRef = 259B9D842C555625003A716D /* Preview Assets.xcassets */; };
		259B9D8F2C555A91003A716D /* HTTPHeader.swift in Sources */ = {isa = PBXBuildFile; fileRef = 259B9D8E2C555A91003A716D /* HTTPHeader.swift */; };
		259B9D922C555BE7003A716D /* HTTPMethod.swift in Sources */ = {isa = PBXBuildFile; fileRef = 259B9D912C555BE7003A716D /* HTTPMethod.swift */; };
		259B9D942C555D96003A716D /* HTTPHeaders.swift in Sources */ = {isa = PBXBuildFile; fileRef = 259B9D932C555D96003A716D /* HTTPHeaders.swift */; };
		259B9D962C555ED3003A716D /* Endpoint.swift in Sources */ = {isa = PBXBuildFile; fileRef = 259B9D952C555ED3003A716D /* Endpoint.swift */; };
		259B9D982C555FE0003A716D /* ParameterEncoding.swift in Sources */ = {isa = PBXBuildFile; fileRef = 259B9D972C555FE0003A716D /* ParameterEncoding.swift */; };
		259B9D9A2C556183003A716D /* Responses.swift in Sources */ = {isa = PBXBuildFile; fileRef = 259B9D992C556183003A716D /* Responses.swift */; };
		259B9D9C2C5561A1003A716D /* Errors.swift in Sources */ = {isa = PBXBuildFile; fileRef = 259B9D9B2C5561A1003A716D /* Errors.swift */; };
		259B9D9E2C5563A3003A716D /* RequestBuilder.swift in Sources */ = {isa = PBXBuildFile; fileRef = 259B9D9D2C5563A3003A716D /* RequestBuilder.swift */; };
		259B9DA12C55647C003A716D /* URLQueryItemExtension.swift in Sources */ = {isa = PBXBuildFile; fileRef = 259B9DA02C55647C003A716D /* URLQueryItemExtension.swift */; };
		259B9DA52C5566F5003A716D /* NetworkManager.swift in Sources */ = {isa = PBXBuildFile; fileRef = 259B9DA42C5566F5003A716D /* NetworkManager.swift */; };
		259B9DA72C556914003A716D /* URLResponseExtension.swift in Sources */ = {isa = PBXBuildFile; fileRef = 259B9DA62C556914003A716D /* URLResponseExtension.swift */; };
		259B9DA92C556D66003A716D /* BaseURL.swift in Sources */ = {isa = PBXBuildFile; fileRef = 259B9DA82C556D66003A716D /* BaseURL.swift */; };
/* End PBXBuildFile section */

/* Begin PBXFileReference section */
		259B9D7A2C555624003A716D /* KlarnaWeather.app */ = {isa = PBXFileReference; explicitFileType = wrapper.application; includeInIndex = 0; path = KlarnaWeather.app; sourceTree = BUILT_PRODUCTS_DIR; };
		259B9D7D2C555624003A716D /* KlarnaWeatherApp.swift */ = {isa = PBXFileReference; lastKnownFileType = sourcecode.swift; path = KlarnaWeatherApp.swift; sourceTree = "<group>"; };
		259B9D7F2C555624003A716D /* ContentView.swift */ = {isa = PBXFileReference; lastKnownFileType = sourcecode.swift; path = ContentView.swift; sourceTree = "<group>"; };
		259B9D812C555625003A716D /* Assets.xcassets */ = {isa = PBXFileReference; lastKnownFileType = folder.assetcatalog; path = Assets.xcassets; sourceTree = "<group>"; };
		259B9D842C555625003A716D /* Preview Assets.xcassets */ = {isa = PBXFileReference; lastKnownFileType = folder.assetcatalog; path = "Preview Assets.xcassets"; sourceTree = "<group>"; };
		259B9D8E2C555A91003A716D /* HTTPHeader.swift */ = {isa = PBXFileReference; lastKnownFileType = sourcecode.swift; path = HTTPHeader.swift; sourceTree = "<group>"; };
		259B9D912C555BE7003A716D /* HTTPMethod.swift */ = {isa = PBXFileReference; lastKnownFileType = sourcecode.swift; path = HTTPMethod.swift; sourceTree = "<group>"; };
		259B9D932C555D96003A716D /* HTTPHeaders.swift */ = {isa = PBXFileReference; lastKnownFileType = sourcecode.swift; path = HTTPHeaders.swift; sourceTree = "<group>"; };
		259B9D952C555ED3003A716D /* Endpoint.swift */ = {isa = PBXFileReference; lastKnownFileType = sourcecode.swift; path = Endpoint.swift; sourceTree = "<group>"; };
		259B9D972C555FE0003A716D /* ParameterEncoding.swift */ = {isa = PBXFileReference; lastKnownFileType = sourcecode.swift; path = ParameterEncoding.swift; sourceTree = "<group>"; };
		259B9D992C556183003A716D /* Responses.swift */ = {isa = PBXFileReference; lastKnownFileType = sourcecode.swift; path = Responses.swift; sourceTree = "<group>"; };
		259B9D9B2C5561A1003A716D /* Errors.swift */ = {isa = PBXFileReference; lastKnownFileType = sourcecode.swift; path = Errors.swift; sourceTree = "<group>"; };
		259B9D9D2C5563A3003A716D /* RequestBuilder.swift */ = {isa = PBXFileReference; lastKnownFileType = sourcecode.swift; path = RequestBuilder.swift; sourceTree = "<group>"; };
		259B9DA02C55647C003A716D /* URLQueryItemExtension.swift */ = {isa = PBXFileReference; lastKnownFileType = sourcecode.swift; path = URLQueryItemExtension.swift; sourceTree = "<group>"; };
		259B9DA42C5566F5003A716D /* NetworkManager.swift */ = {isa = PBXFileReference; lastKnownFileType = sourcecode.swift; path = NetworkManager.swift; sourceTree = "<group>"; };
		259B9DA62C556914003A716D /* URLResponseExtension.swift */ = {isa = PBXFileReference; lastKnownFileType = sourcecode.swift; path = URLResponseExtension.swift; sourceTree = "<group>"; };
		259B9DA82C556D66003A716D /* BaseURL.swift */ = {isa = PBXFileReference; lastKnownFileType = sourcecode.swift; path = BaseURL.swift; sourceTree = "<group>"; };
/* End PBXFileReference section */

/* Begin PBXFrameworksBuildPhase section */
		259B9D772C555624003A716D /* Frameworks */ = {
			isa = PBXFrameworksBuildPhase;
			buildActionMask = 2147483647;
			files = (
			);
			runOnlyForDeploymentPostprocessing = 0;
		};
/* End PBXFrameworksBuildPhase section */

/* Begin PBXGroup section */
		259B9D712C555624003A716D = {
			isa = PBXGroup;
			children = (
				259B9D7C2C555624003A716D /* KlarnaWeather */,
				259B9D7B2C555624003A716D /* Products */,
			);
			sourceTree = "<group>";
		};
		259B9D7B2C555624003A716D /* Products */ = {
			isa = PBXGroup;
			children = (
				259B9D7A2C555624003A716D /* KlarnaWeather.app */,
			);
			name = Products;
			sourceTree = "<group>";
		};
		259B9D7C2C555624003A716D /* KlarnaWeather */ = {
			isa = PBXGroup;
			children = (
				259B9D8B2C5559AA003A716D /* Networking */,
				259B9D7D2C555624003A716D /* KlarnaWeatherApp.swift */,
				259B9D7F2C555624003A716D /* ContentView.swift */,
				259B9D812C555625003A716D /* Assets.xcassets */,
				259B9D832C555625003A716D /* Preview Content */,
			);
			path = KlarnaWeather;
			sourceTree = "<group>";
		};
		259B9D832C555625003A716D /* Preview Content */ = {
			isa = PBXGroup;
			children = (
				259B9D842C555625003A716D /* Preview Assets.xcassets */,
			);
			path = "Preview Content";
			sourceTree = "<group>";
		};
		259B9D8B2C5559AA003A716D /* Networking */ = {
			isa = PBXGroup;
			children = (
				259B9D8C2C5559B4003A716D /* Base */,
				259B9D8D2C555A7C003A716D /* HTTP */,
				259B9D9F2C55646D003A716D /* Extension */,
			);
			path = Networking;
			sourceTree = "<group>";
		};
		259B9D8C2C5559B4003A716D /* Base */ = {
			isa = PBXGroup;
			children = (
				259B9D952C555ED3003A716D /* Endpoint.swift */,
				259B9D992C556183003A716D /* Responses.swift */,
				259B9D9B2C5561A1003A716D /* Errors.swift */,
				259B9D9D2C5563A3003A716D /* RequestBuilder.swift */,
				259B9DA42C5566F5003A716D /* NetworkManager.swift */,
				259B9DA82C556D66003A716D /* BaseURL.swift */,
			);
			path = Base;
			sourceTree = "<group>";
		};
		259B9D8D2C555A7C003A716D /* HTTP */ = {
			isa = PBXGroup;
			children = (
				259B9D8E2C555A91003A716D /* HTTPHeader.swift */,
				259B9D912C555BE7003A716D /* HTTPMethod.swift */,
				259B9D932C555D96003A716D /* HTTPHeaders.swift */,
				259B9D972C555FE0003A716D /* ParameterEncoding.swift */,
			);
			path = HTTP;
			sourceTree = "<group>";
		};
		259B9D9F2C55646D003A716D /* Extension */ = {
			isa = PBXGroup;
			children = (
				259B9DA02C55647C003A716D /* URLQueryItemExtension.swift */,
				259B9DA62C556914003A716D /* URLResponseExtension.swift */,
			);
			path = Extension;
			sourceTree = "<group>";
		};
/* End PBXGroup section */

/* Begin PBXNativeTarget section */
		259B9D792C555624003A716D /* KlarnaWeather */ = {
			isa = PBXNativeTarget;
			buildConfigurationList = 259B9D882C555625003A716D /* Build configuration list for PBXNativeTarget "KlarnaWeather" */;
			buildPhases = (
				259B9D762C555624003A716D /* Sources */,
				259B9D772C555624003A716D /* Frameworks */,
				259B9D782C555624003A716D /* Resources */,
			);
			buildRules = (
			);
			dependencies = (
			);
			name = KlarnaWeather;
			productName = KlarnaWeather;
			productReference = 259B9D7A2C555624003A716D /* KlarnaWeather.app */;
			productType = "com.apple.product-type.application";
		};
/* End PBXNativeTarget section */

/* Begin PBXProject section */
		259B9D722C555624003A716D /* Project object */ = {
			isa = PBXProject;
			attributes = {
				BuildIndependentTargetsInParallel = 1;
				LastSwiftUpdateCheck = 1540;
				LastUpgradeCheck = 1540;
				TargetAttributes = {
					259B9D792C555624003A716D = {
						CreatedOnToolsVersion = 15.4;
					};
				};
			};
			buildConfigurationList = 259B9D752C555624003A716D /* Build configuration list for PBXProject "KlarnaWeather" */;
			compatibilityVersion = "Xcode 14.0";
			developmentRegion = en;
			hasScannedForEncodings = 0;
			knownRegions = (
				en,
				Base,
			);
			mainGroup = 259B9D712C555624003A716D;
			productRefGroup = 259B9D7B2C555624003A716D /* Products */;
			projectDirPath = "";
			projectRoot = "";
			targets = (
				259B9D792C555624003A716D /* KlarnaWeather */,
			);
		};
/* End PBXProject section */

/* Begin PBXResourcesBuildPhase section */
		259B9D782C555624003A716D /* Resources */ = {
			isa = PBXResourcesBuildPhase;
			buildActionMask = 2147483647;
			files = (
				259B9D852C555625003A716D /* Preview Assets.xcassets in Resources */,
				259B9D822C555625003A716D /* Assets.xcassets in Resources */,
			);
			runOnlyForDeploymentPostprocessing = 0;
		};
/* End PBXResourcesBuildPhase section */

/* Begin PBXSourcesBuildPhase section */
		259B9D762C555624003A716D /* Sources */ = {
			isa = PBXSourcesBuildPhase;
			buildActionMask = 2147483647;
			files = (
				259B9D982C555FE0003A716D /* ParameterEncoding.swift in Sources */,
				259B9D922C555BE7003A716D /* HTTPMethod.swift in Sources */,
				259B9DA92C556D66003A716D /* BaseURL.swift in Sources */,
				259B9D8F2C555A91003A716D /* HTTPHeader.swift in Sources */,
				259B9D942C555D96003A716D /* HTTPHeaders.swift in Sources */,
				259B9D9A2C556183003A716D /* Responses.swift in Sources */,
				259B9D9E2C5563A3003A716D /* RequestBuilder.swift in Sources */,
				259B9D802C555624003A716D /* ContentView.swift in Sources */,
				259B9DA72C556914003A716D /* URLResponseExtension.swift in Sources */,
				259B9D962C555ED3003A716D /* Endpoint.swift in Sources */,
				259B9DA52C5566F5003A716D /* NetworkManager.swift in Sources */,
				259B9D9C2C5561A1003A716D /* Errors.swift in Sources */,
				259B9D7E2C555624003A716D /* KlarnaWeatherApp.swift in Sources */,
				259B9DA12C55647C003A716D /* URLQueryItemExtension.swift in Sources */,
			);
			runOnlyForDeploymentPostprocessing = 0;
		};
/* End PBXSourcesBuildPhase section */

/* Begin XCBuildConfiguration section */
		259B9D862C555625003A716D /* Debug */ = {
			isa = XCBuildConfiguration;
			buildSettings = {
				ALWAYS_SEARCH_USER_PATHS = NO;
				ASSETCATALOG_COMPILER_GENERATE_SWIFT_ASSET_SYMBOL_EXTENSIONS = YES;
				CLANG_ANALYZER_NONNULL = YES;
				CLANG_ANALYZER_NUMBER_OBJECT_CONVERSION = YES_AGGRESSIVE;
				CLANG_CXX_LANGUAGE_STANDARD = "gnu++20";
				CLANG_ENABLE_MODULES = YES;
				CLANG_ENABLE_OBJC_ARC = YES;
				CLANG_ENABLE_OBJC_WEAK = YES;
				CLANG_WARN_BLOCK_CAPTURE_AUTORELEASING = YES;
				CLANG_WARN_BOOL_CONVERSION = YES;
				CLANG_WARN_COMMA = YES;
				CLANG_WARN_CONSTANT_CONVERSION = YES;
				CLANG_WARN_DEPRECATED_OBJC_IMPLEMENTATIONS = YES;
				CLANG_WARN_DIRECT_OBJC_ISA_USAGE = YES_ERROR;
				CLANG_WARN_DOCUMENTATION_COMMENTS = YES;
				CLANG_WARN_EMPTY_BODY = YES;
				CLANG_WARN_ENUM_CONVERSION = YES;
				CLANG_WARN_INFINITE_RECURSION = YES;
				CLANG_WARN_INT_CONVERSION = YES;
				CLANG_WARN_NON_LITERAL_NULL_CONVERSION = YES;
				CLANG_WARN_OBJC_IMPLICIT_RETAIN_SELF = YES;
				CLANG_WARN_OBJC_LITERAL_CONVERSION = YES;
				CLANG_WARN_OBJC_ROOT_CLASS = YES_ERROR;
				CLANG_WARN_QUOTED_INCLUDE_IN_FRAMEWORK_HEADER = YES;
				CLANG_WARN_RANGE_LOOP_ANALYSIS = YES;
				CLANG_WARN_STRICT_PROTOTYPES = YES;
				CLANG_WARN_SUSPICIOUS_MOVE = YES;
				CLANG_WARN_UNGUARDED_AVAILABILITY = YES_AGGRESSIVE;
				CLANG_WARN_UNREACHABLE_CODE = YES;
				CLANG_WARN__DUPLICATE_METHOD_MATCH = YES;
				COPY_PHASE_STRIP = NO;
				DEBUG_INFORMATION_FORMAT = dwarf;
				ENABLE_STRICT_OBJC_MSGSEND = YES;
				ENABLE_TESTABILITY = YES;
				ENABLE_USER_SCRIPT_SANDBOXING = YES;
				GCC_C_LANGUAGE_STANDARD = gnu17;
				GCC_DYNAMIC_NO_PIC = NO;
				GCC_NO_COMMON_BLOCKS = YES;
				GCC_OPTIMIZATION_LEVEL = 0;
				GCC_PREPROCESSOR_DEFINITIONS = (
					"DEBUG=1",
					"$(inherited)",
				);
				GCC_WARN_64_TO_32_BIT_CONVERSION = YES;
				GCC_WARN_ABOUT_RETURN_TYPE = YES_ERROR;
				GCC_WARN_UNDECLARED_SELECTOR = YES;
				GCC_WARN_UNINITIALIZED_AUTOS = YES_AGGRESSIVE;
				GCC_WARN_UNUSED_FUNCTION = YES;
				GCC_WARN_UNUSED_VARIABLE = YES;
				IPHONEOS_DEPLOYMENT_TARGET = 17.5;
				LOCALIZATION_PREFERS_STRING_CATALOGS = YES;
				MTL_ENABLE_DEBUG_INFO = INCLUDE_SOURCE;
				MTL_FAST_MATH = YES;
				ONLY_ACTIVE_ARCH = YES;
				SDKROOT = iphoneos;
				SWIFT_ACTIVE_COMPILATION_CONDITIONS = "DEBUG $(inherited)";
				SWIFT_OPTIMIZATION_LEVEL = "-Onone";
			};
			name = Debug;
		};
		259B9D872C555625003A716D /* Release */ = {
			isa = XCBuildConfiguration;
			buildSettings = {
				ALWAYS_SEARCH_USER_PATHS = NO;
				ASSETCATALOG_COMPILER_GENERATE_SWIFT_ASSET_SYMBOL_EXTENSIONS = YES;
				CLANG_ANALYZER_NONNULL = YES;
				CLANG_ANALYZER_NUMBER_OBJECT_CONVERSION = YES_AGGRESSIVE;
				CLANG_CXX_LANGUAGE_STANDARD = "gnu++20";
				CLANG_ENABLE_MODULES = YES;
				CLANG_ENABLE_OBJC_ARC = YES;
				CLANG_ENABLE_OBJC_WEAK = YES;
				CLANG_WARN_BLOCK_CAPTURE_AUTORELEASING = YES;
				CLANG_WARN_BOOL_CONVERSION = YES;
				CLANG_WARN_COMMA = YES;
				CLANG_WARN_CONSTANT_CONVERSION = YES;
				CLANG_WARN_DEPRECATED_OBJC_IMPLEMENTATIONS = YES;
				CLANG_WARN_DIRECT_OBJC_ISA_USAGE = YES_ERROR;
				CLANG_WARN_DOCUMENTATION_COMMENTS = YES;
				CLANG_WARN_EMPTY_BODY = YES;
				CLANG_WARN_ENUM_CONVERSION = YES;
				CLANG_WARN_INFINITE_RECURSION = YES;
				CLANG_WARN_INT_CONVERSION = YES;
				CLANG_WARN_NON_LITERAL_NULL_CONVERSION = YES;
				CLANG_WARN_OBJC_IMPLICIT_RETAIN_SELF = YES;
				CLANG_WARN_OBJC_LITERAL_CONVERSION = YES;
				CLANG_WARN_OBJC_ROOT_CLASS = YES_ERROR;
				CLANG_WARN_QUOTED_INCLUDE_IN_FRAMEWORK_HEADER = YES;
				CLANG_WARN_RANGE_LOOP_ANALYSIS = YES;
				CLANG_WARN_STRICT_PROTOTYPES = YES;
				CLANG_WARN_SUSPICIOUS_MOVE = YES;
				CLANG_WARN_UNGUARDED_AVAILABILITY = YES_AGGRESSIVE;
				CLANG_WARN_UNREACHABLE_CODE = YES;
				CLANG_WARN__DUPLICATE_METHOD_MATCH = YES;
				COPY_PHASE_STRIP = NO;
				DEBUG_INFORMATION_FORMAT = "dwarf-with-dsym";
				ENABLE_NS_ASSERTIONS = NO;
				ENABLE_STRICT_OBJC_MSGSEND = YES;
				ENABLE_USER_SCRIPT_SANDBOXING = YES;
				GCC_C_LANGUAGE_STANDARD = gnu17;
				GCC_NO_COMMON_BLOCKS = YES;
				GCC_WARN_64_TO_32_BIT_CONVERSION = YES;
				GCC_WARN_ABOUT_RETURN_TYPE = YES_ERROR;
				GCC_WARN_UNDECLARED_SELECTOR = YES;
				GCC_WARN_UNINITIALIZED_AUTOS = YES_AGGRESSIVE;
				GCC_WARN_UNUSED_FUNCTION = YES;
				GCC_WARN_UNUSED_VARIABLE = YES;
				IPHONEOS_DEPLOYMENT_TARGET = 17.5;
				LOCALIZATION_PREFERS_STRING_CATALOGS = YES;
				MTL_ENABLE_DEBUG_INFO = NO;
				MTL_FAST_MATH = YES;
				SDKROOT = iphoneos;
				SWIFT_COMPILATION_MODE = wholemodule;
				VALIDATE_PRODUCT = YES;
			};
			name = Release;
		};
		259B9D892C555625003A716D /* Debug */ = {
			isa = XCBuildConfiguration;
			buildSettings = {
				ASSETCATALOG_COMPILER_APPICON_NAME = AppIcon;
				ASSETCATALOG_COMPILER_GLOBAL_ACCENT_COLOR_NAME = AccentColor;
				CODE_SIGN_STYLE = Automatic;
				CURRENT_PROJECT_VERSION = 1;
				DEVELOPMENT_ASSET_PATHS = "\"KlarnaWeather/Preview Content\"";
				DEVELOPMENT_TEAM = WZ2D3R22K6;
				ENABLE_PREVIEWS = YES;
				GENERATE_INFOPLIST_FILE = YES;
				INFOPLIST_KEY_UIApplicationSceneManifest_Generation = YES;
				INFOPLIST_KEY_UIApplicationSupportsIndirectInputEvents = YES;
				INFOPLIST_KEY_UILaunchScreen_Generation = YES;
				INFOPLIST_KEY_UISupportedInterfaceOrientations_iPad = "UIInterfaceOrientationPortrait UIInterfaceOrientationPortraitUpsideDown UIInterfaceOrientationLandscapeLeft UIInterfaceOrientationLandscapeRight";
				INFOPLIST_KEY_UISupportedInterfaceOrientations_iPhone = "UIInterfaceOrientationPortrait UIInterfaceOrientationLandscapeLeft UIInterfaceOrientationLandscapeRight";
				LD_RUNPATH_SEARCH_PATHS = (
					"$(inherited)",
					"@executable_path/Frameworks",
				);
				MARKETING_VERSION = 1.0;
				PRODUCT_BUNDLE_IDENTIFIER = cankurtur.KlarnaWeather;
				PRODUCT_NAME = "$(TARGET_NAME)";
				SWIFT_EMIT_LOC_STRINGS = YES;
				SWIFT_VERSION = 5.0;
				TARGETED_DEVICE_FAMILY = "1,2";
			};
			name = Debug;
		};
		259B9D8A2C555625003A716D /* Release */ = {
			isa = XCBuildConfiguration;
			buildSettings = {
				ASSETCATALOG_COMPILER_APPICON_NAME = AppIcon;
				ASSETCATALOG_COMPILER_GLOBAL_ACCENT_COLOR_NAME = AccentColor;
				CODE_SIGN_STYLE = Automatic;
				CURRENT_PROJECT_VERSION = 1;
				DEVELOPMENT_ASSET_PATHS = "\"KlarnaWeather/Preview Content\"";
				DEVELOPMENT_TEAM = WZ2D3R22K6;
				ENABLE_PREVIEWS = YES;
				GENERATE_INFOPLIST_FILE = YES;
				INFOPLIST_KEY_UIApplicationSceneManifest_Generation = YES;
				INFOPLIST_KEY_UIApplicationSupportsIndirectInputEvents = YES;
				INFOPLIST_KEY_UILaunchScreen_Generation = YES;
				INFOPLIST_KEY_UISupportedInterfaceOrientations_iPad = "UIInterfaceOrientationPortrait UIInterfaceOrientationPortraitUpsideDown UIInterfaceOrientationLandscapeLeft UIInterfaceOrientationLandscapeRight";
				INFOPLIST_KEY_UISupportedInterfaceOrientations_iPhone = "UIInterfaceOrientationPortrait UIInterfaceOrientationLandscapeLeft UIInterfaceOrientationLandscapeRight";
				LD_RUNPATH_SEARCH_PATHS = (
					"$(inherited)",
					"@executable_path/Frameworks",
				);
				MARKETING_VERSION = 1.0;
				PRODUCT_BUNDLE_IDENTIFIER = cankurtur.KlarnaWeather;
				PRODUCT_NAME = "$(TARGET_NAME)";
				SWIFT_EMIT_LOC_STRINGS = YES;
				SWIFT_VERSION = 5.0;
				TARGETED_DEVICE_FAMILY = "1,2";
			};
			name = Release;
		};
/* End XCBuildConfiguration section */

/* Begin XCConfigurationList section */
		259B9D752C555624003A716D /* Build configuration list for PBXProject "KlarnaWeather" */ = {
			isa = XCConfigurationList;
			buildConfigurations = (
				259B9D862C555625003A716D /* Debug */,
				259B9D872C555625003A716D /* Release */,
			);
			defaultConfigurationIsVisible = 0;
			defaultConfigurationName = Release;
		};
		259B9D882C555625003A716D /* Build configuration list for PBXNativeTarget "KlarnaWeather" */ = {
			isa = XCConfigurationList;
			buildConfigurations = (
				259B9D892C555625003A716D /* Debug */,
				259B9D8A2C555625003A716D /* Release */,
			);
			defaultConfigurationIsVisible = 0;
			defaultConfigurationName = Release;
		};
/* End XCConfigurationList section */
	};
	rootObject = 259B9D722C555624003A716D /* Project object */;
}
